// !$*UTF8*$!
{
	archiveVersion = 1;
	classes = {
	};
	objectVersion = 46;
	objects = {

/* Begin PBXBuildFile section */
		5D66DA121F895ED60037F3D7 /* DeezerManager.swift in Sources */ = {isa = PBXBuildFile; fileRef = 5D66DA111F895ED60037F3D7 /* DeezerManager.swift */; };
		5D66DA141F8961B50037F3D7 /* SearchArtistsViewController.swift in Sources */ = {isa = PBXBuildFile; fileRef = 5D66DA131F8961B50037F3D7 /* SearchArtistsViewController.swift */; };
		5D7BC6A21F8C3577005A2790 /* ArtistCollectionViewCell.swift in Sources */ = {isa = PBXBuildFile; fileRef = 5D7BC6A11F8C3577005A2790 /* ArtistCollectionViewCell.swift */; };
		5D7BC6A41F8C3640005A2790 /* DeezerArtist.swift in Sources */ = {isa = PBXBuildFile; fileRef = 5D7BC6A31F8C3640005A2790 /* DeezerArtist.swift */; };
		5D7BC6AB1F8D19DD005A2790 /* Utilities.swift in Sources */ = {isa = PBXBuildFile; fileRef = 5D7BC6AA1F8D19DD005A2790 /* Utilities.swift */; };
		5D7BC6B11F8D9DB4005A2790 /* ArtistAlbumsViewController.swift in Sources */ = {isa = PBXBuildFile; fileRef = 5D7BC6B01F8D9DB4005A2790 /* ArtistAlbumsViewController.swift */; };
		5D7BC6B31F8DB977005A2790 /* AlbumCollectionViewCell.swift in Sources */ = {isa = PBXBuildFile; fileRef = 5D7BC6B21F8DB977005A2790 /* AlbumCollectionViewCell.swift */; };
		5D7BC6B51F8DB99F005A2790 /* DeezerAlbum.swift in Sources */ = {isa = PBXBuildFile; fileRef = 5D7BC6B41F8DB99F005A2790 /* DeezerAlbum.swift */; };
		5DF97F441F85486500EA3948 /* AppDelegate.swift in Sources */ = {isa = PBXBuildFile; fileRef = 5DF97F431F85486500EA3948 /* AppDelegate.swift */; };
		5DF97F491F85486500EA3948 /* Main.storyboard in Resources */ = {isa = PBXBuildFile; fileRef = 5DF97F471F85486500EA3948 /* Main.storyboard */; };
		5DF97F4B1F85486500EA3948 /* Assets.xcassets in Resources */ = {isa = PBXBuildFile; fileRef = 5DF97F4A1F85486500EA3948 /* Assets.xcassets */; };
		5DF97F4E1F85486500EA3948 /* LaunchScreen.storyboard in Resources */ = {isa = PBXBuildFile; fileRef = 5DF97F4C1F85486500EA3948 /* LaunchScreen.storyboard */; };
		C3E73E23E630F14A12660E63 /* libPods-TidalTechAssignment.a in Frameworks */ = {isa = PBXBuildFile; fileRef = 381E215A8F801B256B9BFAAA /* libPods-TidalTechAssignment.a */; };
/* End PBXBuildFile section */

/* Begin PBXFileReference section */
		381E215A8F801B256B9BFAAA /* libPods-TidalTechAssignment.a */ = {isa = PBXFileReference; explicitFileType = archive.ar; includeInIndex = 0; path = "libPods-TidalTechAssignment.a"; sourceTree = BUILT_PRODUCTS_DIR; };
		39E12D5D23A3128C66A97C5C /* Pods-TidalTechAssignment.release.xcconfig */ = {isa = PBXFileReference; includeInIndex = 1; lastKnownFileType = text.xcconfig; name = "Pods-TidalTechAssignment.release.xcconfig"; path = "Pods/Target Support Files/Pods-TidalTechAssignment/Pods-TidalTechAssignment.release.xcconfig"; sourceTree = "<group>"; };
		5D66DA111F895ED60037F3D7 /* DeezerManager.swift */ = {isa = PBXFileReference; fileEncoding = 4; lastKnownFileType = sourcecode.swift; path = DeezerManager.swift; sourceTree = "<group>"; };
		5D66DA131F8961B50037F3D7 /* SearchArtistsViewController.swift */ = {isa = PBXFileReference; fileEncoding = 4; lastKnownFileType = sourcecode.swift; path = SearchArtistsViewController.swift; sourceTree = "<group>"; };
		5D7BC6A11F8C3577005A2790 /* ArtistCollectionViewCell.swift */ = {isa = PBXFileReference; fileEncoding = 4; lastKnownFileType = sourcecode.swift; path = ArtistCollectionViewCell.swift; sourceTree = "<group>"; };
		5D7BC6A31F8C3640005A2790 /* DeezerArtist.swift */ = {isa = PBXFileReference; fileEncoding = 4; lastKnownFileType = sourcecode.swift; path = DeezerArtist.swift; sourceTree = "<group>"; };
		5D7BC6A51F8C666D005A2790 /* TidalTechAssignment-Bridging-Header.h */ = {isa = PBXFileReference; lastKnownFileType = sourcecode.c.h; path = "TidalTechAssignment-Bridging-Header.h"; sourceTree = "<group>"; };
		5D7BC6AA1F8D19DD005A2790 /* Utilities.swift */ = {isa = PBXFileReference; fileEncoding = 4; lastKnownFileType = sourcecode.swift; path = Utilities.swift; sourceTree = "<group>"; };
		5D7BC6B01F8D9DB4005A2790 /* ArtistAlbumsViewController.swift */ = {isa = PBXFileReference; fileEncoding = 4; lastKnownFileType = sourcecode.swift; path = ArtistAlbumsViewController.swift; sourceTree = "<group>"; };
		5D7BC6B21F8DB977005A2790 /* AlbumCollectionViewCell.swift */ = {isa = PBXFileReference; fileEncoding = 4; lastKnownFileType = sourcecode.swift; path = AlbumCollectionViewCell.swift; sourceTree = "<group>"; };
		5D7BC6B41F8DB99F005A2790 /* DeezerAlbum.swift */ = {isa = PBXFileReference; fileEncoding = 4; lastKnownFileType = sourcecode.swift; path = DeezerAlbum.swift; sourceTree = "<group>"; };
		5DF97F401F85486500EA3948 /* TidalTechAssignment.app */ = {isa = PBXFileReference; explicitFileType = wrapper.application; includeInIndex = 0; path = TidalTechAssignment.app; sourceTree = BUILT_PRODUCTS_DIR; };
		5DF97F431F85486500EA3948 /* AppDelegate.swift */ = {isa = PBXFileReference; lastKnownFileType = sourcecode.swift; path = AppDelegate.swift; sourceTree = "<group>"; };
		5DF97F481F85486500EA3948 /* Base */ = {isa = PBXFileReference; lastKnownFileType = file.storyboard; name = Base; path = Base.lproj/Main.storyboard; sourceTree = "<group>"; };
		5DF97F4A1F85486500EA3948 /* Assets.xcassets */ = {isa = PBXFileReference; lastKnownFileType = folder.assetcatalog; path = Assets.xcassets; sourceTree = "<group>"; };
		5DF97F4D1F85486500EA3948 /* Base */ = {isa = PBXFileReference; lastKnownFileType = file.storyboard; name = Base; path = Base.lproj/LaunchScreen.storyboard; sourceTree = "<group>"; };
		5DF97F4F1F85486500EA3948 /* Info.plist */ = {isa = PBXFileReference; lastKnownFileType = text.plist.xml; path = Info.plist; sourceTree = "<group>"; };
		7B82C229F0C8F88F9876E8C1 /* Pods-TidalTechAssignment.debug.xcconfig */ = {isa = PBXFileReference; includeInIndex = 1; lastKnownFileType = text.xcconfig; name = "Pods-TidalTechAssignment.debug.xcconfig"; path = "Pods/Target Support Files/Pods-TidalTechAssignment/Pods-TidalTechAssignment.debug.xcconfig"; sourceTree = "<group>"; };
/* End PBXFileReference section */

/* Begin PBXFrameworksBuildPhase section */
		5DF97F3D1F85486500EA3948 /* Frameworks */ = {
			isa = PBXFrameworksBuildPhase;
			buildActionMask = 2147483647;
			files = (
				C3E73E23E630F14A12660E63 /* libPods-TidalTechAssignment.a in Frameworks */,
			);
			runOnlyForDeploymentPostprocessing = 0;
		};
/* End PBXFrameworksBuildPhase section */

/* Begin PBXGroup section */
		1BBC856C5D88C7353639EA61 /* Frameworks */ = {
			isa = PBXGroup;
			children = (
				381E215A8F801B256B9BFAAA /* libPods-TidalTechAssignment.a */,
			);
			name = Frameworks;
			sourceTree = "<group>";
		};
		5D3125771F894E0800E28FF2 /* View Controllers */ = {
			isa = PBXGroup;
			children = (
				5D66DA131F8961B50037F3D7 /* SearchArtistsViewController.swift */,
				5D7BC6B01F8D9DB4005A2790 /* ArtistAlbumsViewController.swift */,
			);
			name = "View Controllers";
			sourceTree = "<group>";
		};
		5D3125781F894E1300E28FF2 /* StoryBoards */ = {
			isa = PBXGroup;
			children = (
				5DF97F4C1F85486500EA3948 /* LaunchScreen.storyboard */,
				5DF97F471F85486500EA3948 /* Main.storyboard */,
			);
			name = StoryBoards;
			sourceTree = "<group>";
		};
		5D3125791F894E2300E28FF2 /* Assets */ = {
			isa = PBXGroup;
			children = (
				5D7BC6A51F8C666D005A2790 /* TidalTechAssignment-Bridging-Header.h */,
				5DF97F4A1F85486500EA3948 /* Assets.xcassets */,
				5DF97F4F1F85486500EA3948 /* Info.plist */,
			);
			name = Assets;
			sourceTree = "<group>";
		};
		5D31257A1F894E7F00E28FF2 /* Models */ = {
			isa = PBXGroup;
			children = (
				5D66DA111F895ED60037F3D7 /* DeezerManager.swift */,
				5D7BC6A31F8C3640005A2790 /* DeezerArtist.swift */,
				5D7BC6B41F8DB99F005A2790 /* DeezerAlbum.swift */,
			);
			name = Models;
			sourceTree = "<group>";
		};
		5D7BC6A01F8C354E005A2790 /* Views */ = {
			isa = PBXGroup;
			children = (
				5D7BC6A11F8C3577005A2790 /* ArtistCollectionViewCell.swift */,
				5D7BC6B21F8DB977005A2790 /* AlbumCollectionViewCell.swift */,
			);
			name = Views;
			sourceTree = "<group>";
		};
		5D7BC6A91F8D19D0005A2790 /* Helpers */ = {
			isa = PBXGroup;
			children = (
				5D7BC6AA1F8D19DD005A2790 /* Utilities.swift */,
			);
			name = Helpers;
			sourceTree = "<group>";
		};
		5DF97F371F85486500EA3948 = {
			isa = PBXGroup;
			children = (
				5DF97F421F85486500EA3948 /* TidalTechAssignment */,
				5DF97F411F85486500EA3948 /* Products */,
				AAC7A0FB3FA76FB261B96B5A /* Pods */,
				1BBC856C5D88C7353639EA61 /* Frameworks */,
			);
			sourceTree = "<group>";
		};
		5DF97F411F85486500EA3948 /* Products */ = {
			isa = PBXGroup;
			children = (
				5DF97F401F85486500EA3948 /* TidalTechAssignment.app */,
			);
			name = Products;
			sourceTree = "<group>";
		};
		5DF97F421F85486500EA3948 /* TidalTechAssignment */ = {
			isa = PBXGroup;
			children = (
				5DF97F431F85486500EA3948 /* AppDelegate.swift */,
				5D3125791F894E2300E28FF2 /* Assets */,
				5D7BC6A91F8D19D0005A2790 /* Helpers */,
				5D3125771F894E0800E28FF2 /* View Controllers */,
				5D31257A1F894E7F00E28FF2 /* Models */,
				5D7BC6A01F8C354E005A2790 /* Views */,
				5D3125781F894E1300E28FF2 /* StoryBoards */,
			);
			path = TidalTechAssignment;
			sourceTree = "<group>";
		};
		AAC7A0FB3FA76FB261B96B5A /* Pods */ = {
			isa = PBXGroup;
			children = (
				7B82C229F0C8F88F9876E8C1 /* Pods-TidalTechAssignment.debug.xcconfig */,
				39E12D5D23A3128C66A97C5C /* Pods-TidalTechAssignment.release.xcconfig */,
			);
			name = Pods;
			sourceTree = "<group>";
		};
/* End PBXGroup section */

/* Begin PBXNativeTarget section */
		5DF97F3F1F85486500EA3948 /* TidalTechAssignment */ = {
			isa = PBXNativeTarget;
			buildConfigurationList = 5DF97F521F85486500EA3948 /* Build configuration list for PBXNativeTarget "TidalTechAssignment" */;
			buildPhases = (
				30B93D481845CCA2D23DCE0D /* [CP] Check Pods Manifest.lock */,
				5DF97F3C1F85486500EA3948 /* Sources */,
				5DF97F3D1F85486500EA3948 /* Frameworks */,
				5DF97F3E1F85486500EA3948 /* Resources */,
				4216B3D55F1DC4669294D812 /* [CP] Embed Pods Frameworks */,
				77237D4074F5A24B8BE4CC32 /* [CP] Copy Pods Resources */,
			);
			buildRules = (
			);
			dependencies = (
			);
			name = TidalTechAssignment;
			productName = TidalTechAssignment;
			productReference = 5DF97F401F85486500EA3948 /* TidalTechAssignment.app */;
			productType = "com.apple.product-type.application";
		};
/* End PBXNativeTarget section */

/* Begin PBXProject section */
		5DF97F381F85486500EA3948 /* Project object */ = {
			isa = PBXProject;
			attributes = {
				LastSwiftUpdateCheck = 0820;
				LastUpgradeCheck = 0820;
				ORGANIZATIONNAME = "Sofia Knezevic";
				TargetAttributes = {
					5DF97F3F1F85486500EA3948 = {
						CreatedOnToolsVersion = 8.2.1;
						DevelopmentTeam = MKZ7XC5WW2;
						LastSwiftMigration = 0820;
						ProvisioningStyle = Automatic;
					};
				};
			};
			buildConfigurationList = 5DF97F3B1F85486500EA3948 /* Build configuration list for PBXProject "TidalTechAssignment" */;
			compatibilityVersion = "Xcode 3.2";
			developmentRegion = English;
			hasScannedForEncodings = 0;
			knownRegions = (
				en,
				Base,
			);
			mainGroup = 5DF97F371F85486500EA3948;
			productRefGroup = 5DF97F411F85486500EA3948 /* Products */;
			projectDirPath = "";
			projectRoot = "";
			targets = (
				5DF97F3F1F85486500EA3948 /* TidalTechAssignment */,
			);
		};
/* End PBXProject section */

/* Begin PBXResourcesBuildPhase section */
		5DF97F3E1F85486500EA3948 /* Resources */ = {
			isa = PBXResourcesBuildPhase;
			buildActionMask = 2147483647;
			files = (
				5DF97F4E1F85486500EA3948 /* LaunchScreen.storyboard in Resources */,
				5DF97F4B1F85486500EA3948 /* Assets.xcassets in Resources */,
				5DF97F491F85486500EA3948 /* Main.storyboard in Resources */,
			);
			runOnlyForDeploymentPostprocessing = 0;
		};
/* End PBXResourcesBuildPhase section */

/* Begin PBXShellScriptBuildPhase section */
		30B93D481845CCA2D23DCE0D /* [CP] Check Pods Manifest.lock */ = {
			isa = PBXShellScriptBuildPhase;
			buildActionMask = 2147483647;
			files = (
			);
			inputPaths = (
			);
			name = "[CP] Check Pods Manifest.lock";
			outputPaths = (
			);
			runOnlyForDeploymentPostprocessing = 0;
			shellPath = /bin/sh;
			shellScript = "diff \"${PODS_ROOT}/../Podfile.lock\" \"${PODS_ROOT}/Manifest.lock\" > /dev/null\nif [ $? != 0 ] ; then\n    # print error to STDERR\n    echo \"error: The sandbox is not in sync with the Podfile.lock. Run 'pod install' or update your CocoaPods installation.\" >&2\n    exit 1\nfi\n";
			showEnvVarsInLog = 0;
		};
		4216B3D55F1DC4669294D812 /* [CP] Embed Pods Frameworks */ = {
			isa = PBXShellScriptBuildPhase;
			buildActionMask = 2147483647;
			files = (
			);
			inputPaths = (
			);
			name = "[CP] Embed Pods Frameworks";
			outputPaths = (
			);
			runOnlyForDeploymentPostprocessing = 0;
			shellPath = /bin/sh;
			shellScript = "\"${SRCROOT}/Pods/Target Support Files/Pods-TidalTechAssignment/Pods-TidalTechAssignment-frameworks.sh\"\n";
			showEnvVarsInLog = 0;
		};
		77237D4074F5A24B8BE4CC32 /* [CP] Copy Pods Resources */ = {
			isa = PBXShellScriptBuildPhase;
			buildActionMask = 2147483647;
			files = (
			);
			inputPaths = (
			);
			name = "[CP] Copy Pods Resources";
			outputPaths = (
			);
			runOnlyForDeploymentPostprocessing = 0;
			shellPath = /bin/sh;
			shellScript = "\"${SRCROOT}/Pods/Target Support Files/Pods-TidalTechAssignment/Pods-TidalTechAssignment-resources.sh\"\n";
			showEnvVarsInLog = 0;
		};
/* End PBXShellScriptBuildPhase section */

/* Begin PBXSourcesBuildPhase section */
		5DF97F3C1F85486500EA3948 /* Sources */ = {
			isa = PBXSourcesBuildPhase;
			buildActionMask = 2147483647;
			files = (
				5D7BC6B31F8DB977005A2790 /* AlbumCollectionViewCell.swift in Sources */,
				5D7BC6B51F8DB99F005A2790 /* DeezerAlbum.swift in Sources */,
				5D7BC6B11F8D9DB4005A2790 /* ArtistAlbumsViewController.swift in Sources */,
				5D7BC6AB1F8D19DD005A2790 /* Utilities.swift in Sources */,
				5D7BC6A41F8C3640005A2790 /* DeezerArtist.swift in Sources */,
				5D66DA141F8961B50037F3D7 /* SearchArtistsViewController.swift in Sources */,
				5D66DA121F895ED60037F3D7 /* DeezerManager.swift in Sources */,
				5DF97F441F85486500EA3948 /* AppDelegate.swift in Sources */,
				5D7BC6A21F8C3577005A2790 /* ArtistCollectionViewCell.swift in Sources */,
			);
			runOnlyForDeploymentPostprocessing = 0;
		};
/* End PBXSourcesBuildPhase section */

/* Begin PBXVariantGroup section */
		5DF97F471F85486500EA3948 /* Main.storyboard */ = {
			isa = PBXVariantGroup;
			children = (
				5DF97F481F85486500EA3948 /* Base */,
			);
			name = Main.storyboard;
			sourceTree = "<group>";
		};
		5DF97F4C1F85486500EA3948 /* LaunchScreen.storyboard */ = {
			isa = PBXVariantGroup;
			children = (
				5DF97F4D1F85486500EA3948 /* Base */,
			);
			name = LaunchScreen.storyboard;
			sourceTree = "<group>";
		};
/* End PBXVariantGroup section */

/* Begin XCBuildConfiguration section */
		5DF97F501F85486500EA3948 /* Debug */ = {
			isa = XCBuildConfiguration;
			buildSettings = {
				ALWAYS_SEARCH_USER_PATHS = NO;
				CLANG_ANALYZER_NONNULL = YES;
				CLANG_CXX_LANGUAGE_STANDARD = "gnu++0x";
				CLANG_CXX_LIBRARY = "libc++";
				CLANG_ENABLE_MODULES = YES;
				CLANG_ENABLE_OBJC_ARC = YES;
				CLANG_WARN_BOOL_CONVERSION = YES;
				CLANG_WARN_CONSTANT_CONVERSION = YES;
				CLANG_WARN_DIRECT_OBJC_ISA_USAGE = YES_ERROR;
				CLANG_WARN_DOCUMENTATION_COMMENTS = YES;
				CLANG_WARN_EMPTY_BODY = YES;
				CLANG_WARN_ENUM_CONVERSION = YES;
				CLANG_WARN_INFINITE_RECURSION = YES;
				CLANG_WARN_INT_CONVERSION = YES;
				CLANG_WARN_OBJC_ROOT_CLASS = YES_ERROR;
				CLANG_WARN_SUSPICIOUS_MOVE = YES;
				CLANG_WARN_UNREACHABLE_CODE = YES;
				CLANG_WARN__DUPLICATE_METHOD_MATCH = YES;
				"CODE_SIGN_IDENTITY[sdk=iphoneos*]" = "iPhone Developer";
				COPY_PHASE_STRIP = NO;
				DEBUG_INFORMATION_FORMAT = dwarf;
				ENABLE_STRICT_OBJC_MSGSEND = YES;
				ENABLE_TESTABILITY = YES;
				GCC_C_LANGUAGE_STANDARD = gnu99;
				GCC_DYNAMIC_NO_PIC = NO;
				GCC_NO_COMMON_BLOCKS = YES;
				GCC_OPTIMIZATION_LEVEL = 0;
				GCC_PREPROCESSOR_DEFINITIONS = (
					"DEBUG=1",
					"$(inherited)",
				);
				GCC_WARN_64_TO_32_BIT_CONVERSION = YES;
				GCC_WARN_ABOUT_RETURN_TYPE = YES_ERROR;
				GCC_WARN_UNDECLARED_SELECTOR = YES;
				GCC_WARN_UNINITIALIZED_AUTOS = YES_AGGRESSIVE;
				GCC_WARN_UNUSED_FUNCTION = YES;
				GCC_WARN_UNUSED_VARIABLE = YES;
				IPHONEOS_DEPLOYMENT_TARGET = 10.2;
				MTL_ENABLE_DEBUG_INFO = YES;
				ONLY_ACTIVE_ARCH = YES;
				SDKROOT = iphoneos;
				SWIFT_ACTIVE_COMPILATION_CONDITIONS = DEBUG;
				SWIFT_OPTIMIZATION_LEVEL = "-Onone";
			};
			name = Debug;
		};
		5DF97F511F85486500EA3948 /* Release */ = {
			isa = XCBuildConfiguration;
			buildSettings = {
				ALWAYS_SEARCH_USER_PATHS = NO;
				CLANG_ANALYZER_NONNULL = YES;
				CLANG_CXX_LANGUAGE_STANDARD = "gnu++0x";
				CLANG_CXX_LIBRARY = "libc++";
				CLANG_ENABLE_MODULES = YES;
				CLANG_ENABLE_OBJC_ARC = YES;
				CLANG_WARN_BOOL_CONVERSION = YES;
				CLANG_WARN_CONSTANT_CONVERSION = YES;
				CLANG_WARN_DIRECT_OBJC_ISA_USAGE = YES_ERROR;
				CLANG_WARN_DOCUMENTATION_COMMENTS = YES;
				CLANG_WARN_EMPTY_BODY = YES;
				CLANG_WARN_ENUM_CONVERSION = YES;
				CLANG_WARN_INFINITE_RECURSION = YES;
				CLANG_WARN_INT_CONVERSION = YES;
				CLANG_WARN_OBJC_ROOT_CLASS = YES_ERROR;
				CLANG_WARN_SUSPICIOUS_MOVE = YES;
				CLANG_WARN_UNREACHABLE_CODE = YES;
				CLANG_WARN__DUPLICATE_METHOD_MATCH = YES;
				"CODE_SIGN_IDENTITY[sdk=iphoneos*]" = "iPhone Developer";
				COPY_PHASE_STRIP = NO;
				DEBUG_INFORMATION_FORMAT = "dwarf-with-dsym";
				ENABLE_NS_ASSERTIONS = NO;
				ENABLE_STRICT_OBJC_MSGSEND = YES;
				GCC_C_LANGUAGE_STANDARD = gnu99;
				GCC_NO_COMMON_BLOCKS = YES;
				GCC_WARN_64_TO_32_BIT_CONVERSION = YES;
				GCC_WARN_ABOUT_RETURN_TYPE = YES_ERROR;
				GCC_WARN_UNDECLARED_SELECTOR = YES;
				GCC_WARN_UNINITIALIZED_AUTOS = YES_AGGRESSIVE;
				GCC_WARN_UNUSED_FUNCTION = YES;
				GCC_WARN_UNUSED_VARIABLE = YES;
				IPHONEOS_DEPLOYMENT_TARGET = 10.2;
				MTL_ENABLE_DEBUG_INFO = NO;
				SDKROOT = iphoneos;
				SWIFT_OPTIMIZATION_LEVEL = "-Owholemodule";
				VALIDATE_PRODUCT = YES;
			};
			name = Release;
		};
		5DF97F531F85486500EA3948 /* Debug */ = {
			isa = XCBuildConfiguration;
			baseConfigurationReference = 7B82C229F0C8F88F9876E8C1 /* Pods-TidalTechAssignment.debug.xcconfig */;
			buildSettings = {
				ASSETCATALOG_COMPILER_APPICON_NAME = AppIcon;
				CLANG_ENABLE_MODULES = YES;
				DEVELOPMENT_TEAM = MKZ7XC5WW2;
				INFOPLIST_FILE = TidalTechAssignment/Info.plist;
				LD_RUNPATH_SEARCH_PATHS = "$(inherited) @executable_path/Frameworks";
				PRODUCT_BUNDLE_IDENTIFIER = sofiaknezevic.TidalTechAssignment;
				PRODUCT_NAME = "$(TARGET_NAME)";
				SWIFT_OBJC_BRIDGING_HEADER = "TidalTechAssignment/TidalTechAssignment-Bridging-Header.h";
				SWIFT_OPTIMIZATION_LEVEL = "-Onone";
				SWIFT_VERSION = 3.0;
			};
			name = Debug;
		};
		5DF97F541F85486500EA3948 /* Release */ = {
			isa = XCBuildConfiguration;
			baseConfigurationReference = 39E12D5D23A3128C66A97C5C /* Pods-TidalTechAssignment.release.xcconfig */;
			buildSettings = {
				ASSETCATALOG_COMPILER_APPICON_NAME = AppIcon;
				CLANG_ENABLE_MODULES = YES;
				DEVELOPMENT_TEAM = MKZ7XC5WW2;
				INFOPLIST_FILE = TidalTechAssignment/Info.plist;
				LD_RUNPATH_SEARCH_PATHS = "$(inherited) @executable_path/Frameworks";
				PRODUCT_BUNDLE_IDENTIFIER = sofiaknezevic.TidalTechAssignment;
				PRODUCT_NAME = "$(TARGET_NAME)";
				SWIFT_OBJC_BRIDGING_HEADER = "TidalTechAssignment/TidalTechAssignment-Bridging-Header.h";
				SWIFT_VERSION = 3.0;
			};
			name = Release;
		};
/* End XCBuildConfiguration section */

/* Begin XCConfigurationList section */
		5DF97F3B1F85486500EA3948 /* Build configuration list for PBXProject "TidalTechAssignment" */ = {
			isa = XCConfigurationList;
			buildConfigurations = (
				5DF97F501F85486500EA3948 /* Debug */,
				5DF97F511F85486500EA3948 /* Release */,
			);
			defaultConfigurationIsVisible = 0;
			defaultConfigurationName = Release;
		};
		5DF97F521F85486500EA3948 /* Build configuration list for PBXNativeTarget "TidalTechAssignment" */ = {
			isa = XCConfigurationList;
			buildConfigurations = (
				5DF97F531F85486500EA3948 /* Debug */,
				5DF97F541F85486500EA3948 /* Release */,
			);
			defaultConfigurationIsVisible = 0;
			defaultConfigurationName = Release;
		};
/* End XCConfigurationList section */
	};
	rootObject = 5DF97F381F85486500EA3948 /* Project object */;
}
